// !$*UTF8*$!
{
	archiveVersion = 1;
	classes = {
	};
	objectVersion = 46;
	objects = {

/* Begin PBXBuildFile section */
		4A59C1421D06173900E76B8B /* Deals.mp3 in Resources */ = {isa = PBXBuildFile; fileRef = 4A59C1411D06173900E76B8B /* Deals.mp3 */; };
		84F115381D041C910050BCC2 /* main.m in Sources */ = {isa = PBXBuildFile; fileRef = 84F115371D041C910050BCC2 /* main.m */; };
		84F1153B1D041C910050BCC2 /* AppDelegate.m in Sources */ = {isa = PBXBuildFile; fileRef = 84F1153A1D041C910050BCC2 /* AppDelegate.m */; };
		84F1153E1D041C910050BCC2 /* ViewController.m in Sources */ = {isa = PBXBuildFile; fileRef = 84F1153D1D041C910050BCC2 /* ViewController.m */; };
		84F115411D041C910050BCC2 /* Main.storyboard in Resources */ = {isa = PBXBuildFile; fileRef = 84F1153F1D041C910050BCC2 /* Main.storyboard */; };
		84F115431D041C910050BCC2 /* Assets.xcassets in Resources */ = {isa = PBXBuildFile; fileRef = 84F115421D041C910050BCC2 /* Assets.xcassets */; };
		84F115461D041C910050BCC2 /* LaunchScreen.storyboard in Resources */ = {isa = PBXBuildFile; fileRef = 84F115441D041C910050BCC2 /* LaunchScreen.storyboard */; };
		84F115511D041C910050BCC2 /* AudioJulianTests.m in Sources */ = {isa = PBXBuildFile; fileRef = 84F115501D041C910050BCC2 /* AudioJulianTests.m */; };
		84F1155C1D041C910050BCC2 /* AudioJulianUITests.m in Sources */ = {isa = PBXBuildFile; fileRef = 84F1155B1D041C910050BCC2 /* AudioJulianUITests.m */; };
		84F1156A1D0420A90050BCC2 /* Animal_Growl.wav in Resources */ = {isa = PBXBuildFile; fileRef = 84F115691D0420A90050BCC2 /* Animal_Growl.wav */; };
		84F1156C1D0426270050BCC2 /* 6018_07.wav in Resources */ = {isa = PBXBuildFile; fileRef = 84F1156B1D0426270050BCC2 /* 6018_07.wav */; };
/* End PBXBuildFile section */

/* Begin PBXContainerItemProxy section */
		84F1154D1D041C910050BCC2 /* PBXContainerItemProxy */ = {
			isa = PBXContainerItemProxy;
			containerPortal = 84F1152B1D041C910050BCC2 /* Project object */;
			proxyType = 1;
			remoteGlobalIDString = 84F115321D041C910050BCC2;
			remoteInfo = AudioJulian;
		};
		84F115581D041C910050BCC2 /* PBXContainerItemProxy */ = {
			isa = PBXContainerItemProxy;
			containerPortal = 84F1152B1D041C910050BCC2 /* Project object */;
			proxyType = 1;
			remoteGlobalIDString = 84F115321D041C910050BCC2;
			remoteInfo = AudioJulian;
		};
/* End PBXContainerItemProxy section */

/* Begin PBXFileReference section */
		4A59C1411D06173900E76B8B /* Deals.mp3 */ = {isa = PBXFileReference; lastKnownFileType = audio.mp3; path = Deals.mp3; sourceTree = "<group>"; };
		84F115331D041C910050BCC2 /* AudioJulian.app */ = {isa = PBXFileReference; explicitFileType = wrapper.application; includeInIndex = 0; path = AudioJulian.app; sourceTree = BUILT_PRODUCTS_DIR; };
		84F115371D041C910050BCC2 /* main.m */ = {isa = PBXFileReference; lastKnownFileType = sourcecode.c.objc; path = main.m; sourceTree = "<group>"; };
		84F115391D041C910050BCC2 /* AppDelegate.h */ = {isa = PBXFileReference; lastKnownFileType = sourcecode.c.h; path = AppDelegate.h; sourceTree = "<group>"; };
		84F1153A1D041C910050BCC2 /* AppDelegate.m */ = {isa = PBXFileReference; lastKnownFileType = sourcecode.c.objc; path = AppDelegate.m; sourceTree = "<group>"; };
		84F1153C1D041C910050BCC2 /* ViewController.h */ = {isa = PBXFileReference; lastKnownFileType = sourcecode.c.h; path = ViewController.h; sourceTree = "<group>"; };
		84F1153D1D041C910050BCC2 /* ViewController.m */ = {isa = PBXFileReference; lastKnownFileType = sourcecode.c.objc; path = ViewController.m; sourceTree = "<group>"; };
		84F115401D041C910050BCC2 /* Base */ = {isa = PBXFileReference; lastKnownFileType = file.storyboard; name = Base; path = Base.lproj/Main.storyboard; sourceTree = "<group>"; };
		84F115421D041C910050BCC2 /* Assets.xcassets */ = {isa = PBXFileReference; lastKnownFileType = folder.assetcatalog; path = Assets.xcassets; sourceTree = "<group>"; };
		84F115451D041C910050BCC2 /* Base */ = {isa = PBXFileReference; lastKnownFileType = file.storyboard; name = Base; path = Base.lproj/LaunchScreen.storyboard; sourceTree = "<group>"; };
		84F115471D041C910050BCC2 /* Info.plist */ = {isa = PBXFileReference; lastKnownFileType = text.plist.xml; path = Info.plist; sourceTree = "<group>"; };
		84F1154C1D041C910050BCC2 /* AudioJulianTests.xctest */ = {isa = PBXFileReference; explicitFileType = wrapper.cfbundle; includeInIndex = 0; path = AudioJulianTests.xctest; sourceTree = BUILT_PRODUCTS_DIR; };
		84F115501D041C910050BCC2 /* AudioJulianTests.m */ = {isa = PBXFileReference; lastKnownFileType = sourcecode.c.objc; path = AudioJulianTests.m; sourceTree = "<group>"; };
		84F115521D041C910050BCC2 /* Info.plist */ = {isa = PBXFileReference; lastKnownFileType = text.plist.xml; path = Info.plist; sourceTree = "<group>"; };
		84F115571D041C910050BCC2 /* AudioJulianUITests.xctest */ = {isa = PBXFileReference; explicitFileType = wrapper.cfbundle; includeInIndex = 0; path = AudioJulianUITests.xctest; sourceTree = BUILT_PRODUCTS_DIR; };
		84F1155B1D041C910050BCC2 /* AudioJulianUITests.m */ = {isa = PBXFileReference; lastKnownFileType = sourcecode.c.objc; path = AudioJulianUITests.m; sourceTree = "<group>"; };
		84F1155D1D041C910050BCC2 /* Info.plist */ = {isa = PBXFileReference; lastKnownFileType = text.plist.xml; path = Info.plist; sourceTree = "<group>"; };
		84F115691D0420A90050BCC2 /* Animal_Growl.wav */ = {isa = PBXFileReference; lastKnownFileType = audio.wav; path = Animal_Growl.wav; sourceTree = "<group>"; };
		84F1156B1D0426270050BCC2 /* 6018_07.wav */ = {isa = PBXFileReference; lastKnownFileType = audio.wav; path = 6018_07.wav; sourceTree = "<group>"; };
/* End PBXFileReference section */

/* Begin PBXFrameworksBuildPhase section */
		84F115301D041C910050BCC2 /* Frameworks */ = {
			isa = PBXFrameworksBuildPhase;
			buildActionMask = 2147483647;
			files = (
			);
			runOnlyForDeploymentPostprocessing = 0;
		};
		84F115491D041C910050BCC2 /* Frameworks */ = {
			isa = PBXFrameworksBuildPhase;
			buildActionMask = 2147483647;
			files = (
			);
			runOnlyForDeploymentPostprocessing = 0;
		};
		84F115541D041C910050BCC2 /* Frameworks */ = {
			isa = PBXFrameworksBuildPhase;
			buildActionMask = 2147483647;
			files = (
			);
			runOnlyForDeploymentPostprocessing = 0;
		};
/* End PBXFrameworksBuildPhase section */

/* Begin PBXGroup section */
		84F1152A1D041C910050BCC2 = {
			isa = PBXGroup;
			children = (
				84F115351D041C910050BCC2 /* AudioJulian */,
				84F1154F1D041C910050BCC2 /* AudioJulianTests */,
				84F1155A1D041C910050BCC2 /* AudioJulianUITests */,
				84F115341D041C910050BCC2 /* Products */,
			);
			sourceTree = "<group>";
		};
		84F115341D041C910050BCC2 /* Products */ = {
			isa = PBXGroup;
			children = (
				84F115331D041C910050BCC2 /* AudioJulian.app */,
				84F1154C1D041C910050BCC2 /* AudioJulianTests.xctest */,
				84F115571D041C910050BCC2 /* AudioJulianUITests.xctest */,
			);
			name = Products;
			sourceTree = "<group>";
		};
		84F115351D041C910050BCC2 /* AudioJulian */ = {
			isa = PBXGroup;
			children = (
				84F115391D041C910050BCC2 /* AppDelegate.h */,
				84F1153A1D041C910050BCC2 /* AppDelegate.m */,
				84F115691D0420A90050BCC2 /* Animal_Growl.wav */,
				84F1153C1D041C910050BCC2 /* ViewController.h */,
				84F1153D1D041C910050BCC2 /* ViewController.m */,
				4A59C1411D06173900E76B8B /* Deals.mp3 */,
				84F1156B1D0426270050BCC2 /* 6018_07.wav */,
				84F1153F1D041C910050BCC2 /* Main.storyboard */,
				84F115421D041C910050BCC2 /* Assets.xcassets */,
				84F115441D041C910050BCC2 /* LaunchScreen.storyboard */,
				84F115471D041C910050BCC2 /* Info.plist */,
				84F115361D041C910050BCC2 /* Supporting Files */,
			);
			path = AudioJulian;
			sourceTree = "<group>";
		};
		84F115361D041C910050BCC2 /* Supporting Files */ = {
			isa = PBXGroup;
			children = (
				84F115371D041C910050BCC2 /* main.m */,
			);
			name = "Supporting Files";
			sourceTree = "<group>";
		};
		84F1154F1D041C910050BCC2 /* AudioJulianTests */ = {
			isa = PBXGroup;
			children = (
				84F115501D041C910050BCC2 /* AudioJulianTests.m */,
				84F115521D041C910050BCC2 /* Info.plist */,
			);
			path = AudioJulianTests;
			sourceTree = "<group>";
		};
		84F1155A1D041C910050BCC2 /* AudioJulianUITests */ = {
			isa = PBXGroup;
			children = (
				84F1155B1D041C910050BCC2 /* AudioJulianUITests.m */,
				84F1155D1D041C910050BCC2 /* Info.plist */,
			);
			path = AudioJulianUITests;
			sourceTree = "<group>";
		};
/* End PBXGroup section */

/* Begin PBXNativeTarget section */
		84F115321D041C910050BCC2 /* AudioJulian */ = {
			isa = PBXNativeTarget;
			buildConfigurationList = 84F115601D041C910050BCC2 /* Build configuration list for PBXNativeTarget "AudioJulian" */;
			buildPhases = (
				84F1152F1D041C910050BCC2 /* Sources */,
				84F115301D041C910050BCC2 /* Frameworks */,
				84F115311D041C910050BCC2 /* Resources */,
			);
			buildRules = (
			);
			dependencies = (
			);
			name = AudioJulian;
			productName = AudioJulian;
			productReference = 84F115331D041C910050BCC2 /* AudioJulian.app */;
			productType = "com.apple.product-type.application";
		};
		84F1154B1D041C910050BCC2 /* AudioJulianTests */ = {
			isa = PBXNativeTarget;
			buildConfigurationList = 84F115631D041C910050BCC2 /* Build configuration list for PBXNativeTarget "AudioJulianTests" */;
			buildPhases = (
				84F115481D041C910050BCC2 /* Sources */,
				84F115491D041C910050BCC2 /* Frameworks */,
				84F1154A1D041C910050BCC2 /* Resources */,
			);
			buildRules = (
			);
			dependencies = (
				84F1154E1D041C910050BCC2 /* PBXTargetDependency */,
			);
			name = AudioJulianTests;
			productName = AudioJulianTests;
			productReference = 84F1154C1D041C910050BCC2 /* AudioJulianTests.xctest */;
			productType = "com.apple.product-type.bundle.unit-test";
		};
		84F115561D041C910050BCC2 /* AudioJulianUITests */ = {
			isa = PBXNativeTarget;
			buildConfigurationList = 84F115661D041C910050BCC2 /* Build configuration list for PBXNativeTarget "AudioJulianUITests" */;
			buildPhases = (
				84F115531D041C910050BCC2 /* Sources */,
				84F115541D041C910050BCC2 /* Frameworks */,
				84F115551D041C910050BCC2 /* Resources */,
			);
			buildRules = (
			);
			dependencies = (
				84F115591D041C910050BCC2 /* PBXTargetDependency */,
			);
			name = AudioJulianUITests;
			productName = AudioJulianUITests;
			productReference = 84F115571D041C910050BCC2 /* AudioJulianUITests.xctest */;
			productType = "com.apple.product-type.bundle.ui-testing";
		};
/* End PBXNativeTarget section */

/* Begin PBXProject section */
		84F1152B1D041C910050BCC2 /* Project object */ = {
			isa = PBXProject;
			attributes = {
				LastUpgradeCheck = 0720;
				ORGANIZATIONNAME = admin;
				TargetAttributes = {
					84F115321D041C910050BCC2 = {
						CreatedOnToolsVersion = 7.2.1;
					};
					84F1154B1D041C910050BCC2 = {
						CreatedOnToolsVersion = 7.2.1;
						TestTargetID = 84F115321D041C910050BCC2;
					};
					84F115561D041C910050BCC2 = {
						CreatedOnToolsVersion = 7.2.1;
						TestTargetID = 84F115321D041C910050BCC2;
					};
				};
			};
			buildConfigurationList = 84F1152E1D041C910050BCC2 /* Build configuration list for PBXProject "AudioJulian" */;
			compatibilityVersion = "Xcode 3.2";
			developmentRegion = English;
			hasScannedForEncodings = 0;
			knownRegions = (
				en,
				Base,
			);
			mainGroup = 84F1152A1D041C910050BCC2;
			productRefGroup = 84F115341D041C910050BCC2 /* Products */;
			projectDirPath = "";
			projectRoot = "";
			targets = (
				84F115321D041C910050BCC2 /* AudioJulian */,
				84F1154B1D041C910050BCC2 /* AudioJulianTests */,
				84F115561D041C910050BCC2 /* AudioJulianUITests */,
			);
		};
/* End PBXProject section */

/* Begin PBXResourcesBuildPhase section */
		84F115311D041C910050BCC2 /* Resources */ = {
			isa = PBXResourcesBuildPhase;
			buildActionMask = 2147483647;
			files = (
				84F1156A1D0420A90050BCC2 /* Animal_Growl.wav in Resources */,
				4A59C1421D06173900E76B8B /* Deals.mp3 in Resources */,
				84F115461D041C910050BCC2 /* LaunchScreen.storyboard in Resources */,
				84F1156C1D0426270050BCC2 /* 6018_07.wav in Resources */,
				84F115431D041C910050BCC2 /* Assets.xcassets in Resources */,
				84F115411D041C910050BCC2 /* Main.storyboard in Resources */,
			);
			runOnlyForDeploymentPostprocessing = 0;
		};
		84F1154A1D041C910050BCC2 /* Resources */ = {
			isa = PBXResourcesBuildPhase;
			buildActionMask = 2147483647;
			files = (
			);
			runOnlyForDeploymentPostprocessing = 0;
		};
		84F115551D041C910050BCC2 /* Resources */ = {
			isa = PBXResourcesBuildPhase;
			buildActionMask = 2147483647;
			files = (
			);
			runOnlyForDeploymentPostprocessing = 0;
		};
/* End PBXResourcesBuildPhase section */

/* Begin PBXSourcesBuildPhase section */
		84F1152F1D041C910050BCC2 /* Sources */ = {
			isa = PBXSourcesBuildPhase;
			buildActionMask = 2147483647;
			files = (
				84F1153E1D041C910050BCC2 /* ViewController.m in Sources */,
				84F1153B1D041C910050BCC2 /* AppDelegate.m in Sources */,
				84F115381D041C910050BCC2 /* main.m in Sources */,
			);
			runOnlyForDeploymentPostprocessing = 0;
		};
		84F115481D041C910050BCC2 /* Sources */ = {
			isa = PBXSourcesBuildPhase;
			buildActionMask = 2147483647;
			files = (
				84F115511D041C910050BCC2 /* AudioJulianTests.m in Sources */,
			);
			runOnlyForDeploymentPostprocessing = 0;
		};
		84F115531D041C910050BCC2 /* Sources */ = {
			isa = PBXSourcesBuildPhase;
			buildActionMask = 2147483647;
			files = (
				84F1155C1D041C910050BCC2 /* AudioJulianUITests.m in Sources */,
			);
			runOnlyForDeploymentPostprocessing = 0;
		};
/* End PBXSourcesBuildPhase section */

/* Begin PBXTargetDependency section */
		84F1154E1D041C910050BCC2 /* PBXTargetDependency */ = {
			isa = PBXTargetDependency;
			target = 84F115321D041C910050BCC2 /* AudioJulian */;
			targetProxy = 84F1154D1D041C910050BCC2 /* PBXContainerItemProxy */;
		};
		84F115591D041C910050BCC2 /* PBXTargetDependency */ = {
			isa = PBXTargetDependency;
			target = 84F115321D041C910050BCC2 /* AudioJulian */;
			targetProxy = 84F115581D041C910050BCC2 /* PBXContainerItemProxy */;
		};
/* End PBXTargetDependency section */

/* Begin PBXVariantGroup section */
		84F1153F1D041C910050BCC2 /* Main.storyboard */ = {
			isa = PBXVariantGroup;
			children = (
				84F115401D041C910050BCC2 /* Base */,
			);
			name = Main.storyboard;
			sourceTree = "<group>";
		};
		84F115441D041C910050BCC2 /* LaunchScreen.storyboard */ = {
			isa = PBXVariantGroup;
			children = (
				84F115451D041C910050BCC2 /* Base */,
			);
			name = LaunchScreen.storyboard;
			sourceTree = "<group>";
		};
/* End PBXVariantGroup section */

/* Begin XCBuildConfiguration section */
		84F1155E1D041C910050BCC2 /* Debug */ = {
			isa = XCBuildConfiguration;
			buildSettings = {
				ALWAYS_SEARCH_USER_PATHS = NO;
				CLANG_CXX_LANGUAGE_STANDARD = "gnu++0x";
				CLANG_CXX_LIBRARY = "libc++";
				CLANG_ENABLE_MODULES = YES;
				CLANG_ENABLE_OBJC_ARC = YES;
				CLANG_WARN_BOOL_CONVERSION = YES;
				CLANG_WARN_CONSTANT_CONVERSION = YES;
				CLANG_WARN_DIRECT_OBJC_ISA_USAGE = YES_ERROR;
				CLANG_WARN_EMPTY_BODY = YES;
				CLANG_WARN_ENUM_CONVERSION = YES;
				CLANG_WARN_INT_CONVERSION = YES;
				CLANG_WARN_OBJC_ROOT_CLASS = YES_ERROR;
				CLANG_WARN_UNREACHABLE_CODE = YES;
				CLANG_WARN__DUPLICATE_METHOD_MATCH = YES;
				"CODE_SIGN_IDENTITY[sdk=iphoneos*]" = "iPhone Developer";
				COPY_PHASE_STRIP = NO;
				DEBUG_INFORMATION_FORMAT = dwarf;
				ENABLE_STRICT_OBJC_MSGSEND = YES;
				ENABLE_TESTABILITY = YES;
				GCC_C_LANGUAGE_STANDARD = gnu99;
				GCC_DYNAMIC_NO_PIC = NO;
				GCC_NO_COMMON_BLOCKS = YES;
				GCC_OPTIMIZATION_LEVEL = 0;
				GCC_PREPROCESSOR_DEFINITIONS = (
					"DEBUG=1",
					"$(inherited)",
				);
				GCC_WARN_64_TO_32_BIT_CONVERSION = YES;
				GCC_WARN_ABOUT_RETURN_TYPE = YES_ERROR;
				GCC_WARN_UNDECLARED_SELECTOR = YES;
				GCC_WARN_UNINITIALIZED_AUTOS = YES_AGGRESSIVE;
				GCC_WARN_UNUSED_FUNCTION = YES;
				GCC_WARN_UNUSED_VARIABLE = YES;
				IPHONEOS_DEPLOYMENT_TARGET = 9.2;
				MTL_ENABLE_DEBUG_INFO = YES;
				ONLY_ACTIVE_ARCH = YES;
				SDKROOT = iphoneos;
				TARGETED_DEVICE_FAMILY = "1,2";
			};
			name = Debug;
		};
		84F1155F1D041C910050BCC2 /* Release */ = {
			isa = XCBuildConfiguration;
			buildSettings = {
				ALWAYS_SEARCH_USER_PATHS = NO;
				CLANG_CXX_LANGUAGE_STANDARD = "gnu++0x";
				CLANG_CXX_LIBRARY = "libc++";
				CLANG_ENABLE_MODULES = YES;
				CLANG_ENABLE_OBJC_ARC = YES;
				CLANG_WARN_BOOL_CONVERSION = YES;
				CLANG_WARN_CONSTANT_CONVERSION = YES;
				CLANG_WARN_DIRECT_OBJC_ISA_USAGE = YES_ERROR;
				CLANG_WARN_EMPTY_BODY = YES;
				CLANG_WARN_ENUM_CONVERSION = YES;
				CLANG_WARN_INT_CONVERSION = YES;
				CLANG_WARN_OBJC_ROOT_CLASS = YES_ERROR;
				CLANG_WARN_UNREACHABLE_CODE = YES;
				CLANG_WARN__DUPLICATE_METHOD_MATCH = YES;
				"CODE_SIGN_IDENTITY[sdk=iphoneos*]" = "iPhone Developer";
				COPY_PHASE_STRIP = NO;
				DEBUG_INFORMATION_FORMAT = "dwarf-with-dsym";
				ENABLE_NS_ASSERTIONS = NO;
				ENABLE_STRICT_OBJC_MSGSEND = YES;
				GCC_C_LANGUAGE_STANDARD = gnu99;
				GCC_NO_COMMON_BLOCKS = YES;
				GCC_WARN_64_TO_32_BIT_CONVERSION = YES;
				GCC_WARN_ABOUT_RETURN_TYPE = YES_ERROR;
				GCC_WARN_UNDECLARED_SELECTOR = YES;
				GCC_WARN_UNINITIALIZED_AUTOS = YES_AGGRESSIVE;
				GCC_WARN_UNUSED_FUNCTION = YES;
				GCC_WARN_UNUSED_VARIABLE = YES;
				IPHONEOS_DEPLOYMENT_TARGET = 9.2;
				MTL_ENABLE_DEBUG_INFO = NO;
				SDKROOT = iphoneos;
				TARGETED_DEVICE_FAMILY = "1,2";
				VALIDATE_PRODUCT = YES;
			};
			name = Release;
		};
		84F115611D041C910050BCC2 /* Debug */ = {
			isa = XCBuildConfiguration;
			buildSettings = {
				ASSETCATALOG_COMPILER_APPICON_NAME = AppIcon;
				INFOPLIST_FILE = AudioJulian/Info.plist;
				IPHONEOS_DEPLOYMENT_TARGET = 9.2;
				LD_RUNPATH_SEARCH_PATHS = "$(inherited) @executable_path/Frameworks";
				PRODUCT_BUNDLE_IDENTIFIER = krn.AudioJulian;
				PRODUCT_NAME = "$(TARGET_NAME)";
			};
			name = Debug;
		};
		84F115621D041C910050BCC2 /* Release */ = {
			isa = XCBuildConfiguration;
			buildSettings = {
				ASSETCATALOG_COMPILER_APPICON_NAME = AppIcon;
				INFOPLIST_FILE = AudioJulian/Info.plist;
				IPHONEOS_DEPLOYMENT_TARGET = 9.2;
				LD_RUNPATH_SEARCH_PATHS = "$(inherited) @executable_path/Frameworks";
				PRODUCT_BUNDLE_IDENTIFIER = krn.AudioJulian;
				PRODUCT_NAME = "$(TARGET_NAME)";
			};
			name = Release;
		};
		84F115641D041C910050BCC2 /* Debug */ = {
			isa = XCBuildConfiguration;
			buildSettings = {
				BUNDLE_LOADER = "$(TEST_HOST)";
				INFOPLIST_FILE = AudioJulianTests/Info.plist;
				LD_RUNPATH_SEARCH_PATHS = "$(inherited) @executable_path/Frameworks @loader_path/Frameworks";
				PRODUCT_BUNDLE_IDENTIFIER = krn.AudioJulianTests;
				PRODUCT_NAME = "$(TARGET_NAME)";
				TEST_HOST = "$(BUILT_PRODUCTS_DIR)/AudioJulian.app/AudioJulian";
			};
			name = Debug;
		};
		84F115651D041C910050BCC2 /* Release */ = {
			isa = XCBuildConfiguration;
			buildSettings = {
				BUNDLE_LOADER = "$(TEST_HOST)";
				INFOPLIST_FILE = AudioJulianTests/Info.plist;
				LD_RUNPATH_SEARCH_PATHS = "$(inherited) @executable_path/Frameworks @loader_path/Frameworks";
				PRODUCT_BUNDLE_IDENTIFIER = krn.AudioJulianTests;
				PRODUCT_NAME = "$(TARGET_NAME)";
				TEST_HOST = "$(BUILT_PRODUCTS_DIR)/AudioJulian.app/AudioJulian";
			};
			name = Release;
		};
		84F115671D041C910050BCC2 /* Debug */ = {
			isa = XCBuildConfiguration;
			buildSettings = {
				INFOPLIST_FILE = AudioJulianUITests/Info.plist;
				LD_RUNPATH_SEARCH_PATHS = "$(inherited) @executable_path/Frameworks @loader_path/Frameworks";
				PRODUCT_BUNDLE_IDENTIFIER = krn.AudioJulianUITests;
				PRODUCT_NAME = "$(TARGET_NAME)";
				TEST_TARGET_NAME = AudioJulian;
				USES_XCTRUNNER = YES;
			};
			name = Debug;
		};
		84F115681D041C910050BCC2 /* Release */ = {
			isa = XCBuildConfiguration;
			buildSettings = {
				INFOPLIST_FILE = AudioJulianUITests/Info.plist;
				LD_RUNPATH_SEARCH_PATHS = "$(inherited) @executable_path/Frameworks @loader_path/Frameworks";
				PRODUCT_BUNDLE_IDENTIFIER = krn.AudioJulianUITests;
				PRODUCT_NAME = "$(TARGET_NAME)";
				TEST_TARGET_NAME = AudioJulian;
				USES_XCTRUNNER = YES;
			};
			name = Release;
		};
/* End XCBuildConfiguration section */

/* Begin XCConfigurationList section */
		84F1152E1D041C910050BCC2 /* Build configuration list for PBXProject "AudioJulian" */ = {
			isa = XCConfigurationList;
			buildConfigurations = (
				84F1155E1D041C910050BCC2 /* Debug */,
				84F1155F1D041C910050BCC2 /* Release */,
			);
			defaultConfigurationIsVisible = 0;
			defaultConfigurationName = Release;
		};
		84F115601D041C910050BCC2 /* Build configuration list for PBXNativeTarget "AudioJulian" */ = {
			isa = XCConfigurationList;
			buildConfigurations = (
				84F115611D041C910050BCC2 /* Debug */,
				84F115621D041C910050BCC2 /* Release */,
			);
			defaultConfigurationIsVisible = 0;
			defaultConfigurationName = Release;
		};
		84F115631D041C910050BCC2 /* Build configuration list for PBXNativeTarget "AudioJulianTests" */ = {
			isa = XCConfigurationList;
			buildConfigurations = (
				84F115641D041C910050BCC2 /* Debug */,
				84F115651D041C910050BCC2 /* Release */,
			);
			defaultConfigurationIsVisible = 0;
			defaultConfigurationName = Release;
		};
		84F115661D041C910050BCC2 /* Build configuration list for PBXNativeTarget "AudioJulianUITests" */ = {
			isa = XCConfigurationList;
			buildConfigurations = (
				84F115671D041C910050BCC2 /* Debug */,
				84F115681D041C910050BCC2 /* Release */,
			);
			defaultConfigurationIsVisible = 0;
			defaultConfigurationName = Release;
		};
/* End XCConfigurationList section */
	};
	rootObject = 84F1152B1D041C910050BCC2 /* Project object */;
}
